
Microsoft Visual Studio Solution File, Format Version 12.00
# Visual Studio Version 17
VisualStudioVersion = 17.3.32901.215
MinimumVisualStudioVersion = 10.0.40219.1
Project("{FAE04EC0-301F-11D3-BF4B-00C04F79EFBC}") = "StratexTest", "StratexTest\StratexTest.csproj", "{B971ED9A-D1ED-4996-BF85-8F63B762AC80}"
EndProject
Project("{FAE04EC0-301F-11D3-BF4B-00C04F79EFBC}") = "DomainModel", "DomainModel\DomainModel.csproj", "{25D5889E-811D-4912-9BC7-185B2CC0F7A9}"
EndProject
Global
	GlobalSection(SolutionConfigurationPlatforms) = preSolution
		Debug|Any CPU = Debug|Any CPU
		Release|Any CPU = Release|Any CPU
	EndGlobalSection
	GlobalSection(ProjectConfigurationPlatforms) = postSolution
		{B971ED9A-D1ED-4996-BF85-8F63B762AC80}.Debug|Any CPU.ActiveCfg = Debug|Any CPU
		{B971ED9A-D1ED-4996-BF85-8F63B762AC80}.Debug|Any CPU.Build.0 = Debug|Any CPU
		{B971ED9A-D1ED-4996-BF85-8F63B762AC80}.Release|Any CPU.ActiveCfg = Release|Any CPU
		{B971ED9A-D1ED-4996-BF85-8F63B762AC80}.Release|Any CPU.Build.0 = Release|Any CPU
		{25D5889E-811D-4912-9BC7-185B2CC0F7A9}.Debug|Any CPU.ActiveCfg = Debug|Any CPU
		{25D5889E-811D-4912-9BC7-185B2CC0F7A9}.Debug|Any CPU.Build.0 = Debug|Any CPU
		{25D5889E-811D-4912-9BC7-185B2CC0F7A9}.Release|Any CPU.ActiveCfg = Release|Any CPU
		{25D5889E-811D-4912-9BC7-185B2CC0F7A9}.Release|Any CPU.Build.0 = Release|Any CPU
	EndGlobalSection
	GlobalSection(SolutionProperties) = preSolution
		HideSolutionNode = FALSE
	EndGlobalSection
	GlobalSection(ExtensibilityGlobals) = postSolution
		SolutionGuid = {986E0215-FB2B-4739-A07C-7DF214EBD2B8}
	EndGlobalSection
EndGlobal
